// !$*UTF8*$!
{
	archiveVersion = 1;
	classes = {
	};
	objectVersion = 46;
	objects = {

/* Begin PBXBuildFile section */
		11754F9F1CD8AC6700F4DA09 /* main.m in Sources */ = {isa = PBXBuildFile; fileRef = 11754F9E1CD8AC6700F4DA09 /* main.m */; };
		11754FA21CD8AC6700F4DA09 /* AppDelegate.m in Sources */ = {isa = PBXBuildFile; fileRef = 11754FA11CD8AC6700F4DA09 /* AppDelegate.m */; };
		11754FA51CD8AC6700F4DA09 /* ViewController.m in Sources */ = {isa = PBXBuildFile; fileRef = 11754FA41CD8AC6700F4DA09 /* ViewController.m */; };
		11754FA81CD8AC6700F4DA09 /* Main.storyboard in Resources */ = {isa = PBXBuildFile; fileRef = 11754FA61CD8AC6700F4DA09 /* Main.storyboard */; };
		11754FAB1CD8AC6700F4DA09 /* HCPlayerTest.xcdatamodeld in Sources */ = {isa = PBXBuildFile; fileRef = 11754FA91CD8AC6700F4DA09 /* HCPlayerTest.xcdatamodeld */; };
		11754FAD1CD8AC6700F4DA09 /* Assets.xcassets in Resources */ = {isa = PBXBuildFile; fileRef = 11754FAC1CD8AC6700F4DA09 /* Assets.xcassets */; };
		11754FB01CD8AC6700F4DA09 /* LaunchScreen.storyboard in Resources */ = {isa = PBXBuildFile; fileRef = 11754FAE1CD8AC6700F4DA09 /* LaunchScreen.storyboard */; };
		11754FB81CD8AC8C00F4DA09 /* HCPlayer.framework in Frameworks */ = {isa = PBXBuildFile; fileRef = 11754FB71CD8AC8C00F4DA09 /* HCPlayer.framework */; };
		11754FBC1CD8ACC400F4DA09 /* UIPlayerTestVC.m in Sources */ = {isa = PBXBuildFile; fileRef = 11754FBA1CD8ACC400F4DA09 /* UIPlayerTestVC.m */; };
		11754FBD1CD8ACC400F4DA09 /* UIPlayerTestVC.xib in Resources */ = {isa = PBXBuildFile; fileRef = 11754FBB1CD8ACC400F4DA09 /* UIPlayerTestVC.xib */; };
/* End PBXBuildFile section */

/* Begin PBXFileReference section */
		11754F9A1CD8AC6700F4DA09 /* HCPlayerTest.app */ = {isa = PBXFileReference; explicitFileType = wrapper.application; includeInIndex = 0; path = HCPlayerTest.app; sourceTree = BUILT_PRODUCTS_DIR; };
		11754F9E1CD8AC6700F4DA09 /* main.m */ = {isa = PBXFileReference; lastKnownFileType = sourcecode.c.objc; path = main.m; sourceTree = "<group>"; };
		11754FA01CD8AC6700F4DA09 /* AppDelegate.h */ = {isa = PBXFileReference; lastKnownFileType = sourcecode.c.h; path = AppDelegate.h; sourceTree = "<group>"; };
		11754FA11CD8AC6700F4DA09 /* AppDelegate.m */ = {isa = PBXFileReference; lastKnownFileType = sourcecode.c.objc; path = AppDelegate.m; sourceTree = "<group>"; };
		11754FA31CD8AC6700F4DA09 /* ViewController.h */ = {isa = PBXFileReference; lastKnownFileType = sourcecode.c.h; path = ViewController.h; sourceTree = "<group>"; };
		11754FA41CD8AC6700F4DA09 /* ViewController.m */ = {isa = PBXFileReference; lastKnownFileType = sourcecode.c.objc; path = ViewController.m; sourceTree = "<group>"; };
		11754FA71CD8AC6700F4DA09 /* Base */ = {isa = PBXFileReference; lastKnownFileType = file.storyboard; name = Base; path = Base.lproj/Main.storyboard; sourceTree = "<group>"; };
		11754FAA1CD8AC6700F4DA09 /* HCPlayerTest.xcdatamodel */ = {isa = PBXFileReference; lastKnownFileType = wrapper.xcdatamodel; path = HCPlayerTest.xcdatamodel; sourceTree = "<group>"; };
		11754FAC1CD8AC6700F4DA09 /* Assets.xcassets */ = {isa = PBXFileReference; lastKnownFileType = folder.assetcatalog; path = Assets.xcassets; sourceTree = "<group>"; };
		11754FAF1CD8AC6700F4DA09 /* Base */ = {isa = PBXFileReference; lastKnownFileType = file.storyboard; name = Base; path = Base.lproj/LaunchScreen.storyboard; sourceTree = "<group>"; };
		11754FB11CD8AC6700F4DA09 /* Info.plist */ = {isa = PBXFileReference; lastKnownFileType = text.plist.xml; path = Info.plist; sourceTree = "<group>"; };
		11754FB71CD8AC8C00F4DA09 /* HCPlayer.framework */ = {isa = PBXFileReference; lastKnownFileType = wrapper.framework; name = HCPlayer.framework; path = "../../../../Library/Developer/Xcode/DerivedData/HCPlayer-bpwtpuhuqjejougmhoqekkfsrjco/Build/Products/Debug-iphonesimulator/HCPlayer.framework"; sourceTree = "<group>"; };
		11754FB91CD8ACC400F4DA09 /* UIPlayerTestVC.h */ = {isa = PBXFileReference; fileEncoding = 4; lastKnownFileType = sourcecode.c.h; path = UIPlayerTestVC.h; sourceTree = "<group>"; };
		11754FBA1CD8ACC400F4DA09 /* UIPlayerTestVC.m */ = {isa = PBXFileReference; fileEncoding = 4; lastKnownFileType = sourcecode.c.objc; path = UIPlayerTestVC.m; sourceTree = "<group>"; };
		11754FBB1CD8ACC400F4DA09 /* UIPlayerTestVC.xib */ = {isa = PBXFileReference; fileEncoding = 4; lastKnownFileType = file.xib; path = UIPlayerTestVC.xib; sourceTree = "<group>"; };
/* End PBXFileReference section */

/* Begin PBXFrameworksBuildPhase section */
		11754F971CD8AC6700F4DA09 /* Frameworks */ = {
			isa = PBXFrameworksBuildPhase;
			buildActionMask = 2147483647;
			files = (
				11754FB81CD8AC8C00F4DA09 /* HCPlayer.framework in Frameworks */,
			);
			runOnlyForDeploymentPostprocessing = 0;
		};
/* End PBXFrameworksBuildPhase section */

/* Begin PBXGroup section */
		11754F911CD8AC6700F4DA09 = {
			isa = PBXGroup;
			children = (
				11754FB71CD8AC8C00F4DA09 /* HCPlayer.framework */,
				11754F9C1CD8AC6700F4DA09 /* HCPlayerTest */,
				11754F9B1CD8AC6700F4DA09 /* Products */,
			);
			sourceTree = "<group>";
		};
		11754F9B1CD8AC6700F4DA09 /* Products */ = {
			isa = PBXGroup;
			children = (
				11754F9A1CD8AC6700F4DA09 /* HCPlayerTest.app */,
			);
			name = Products;
			sourceTree = "<group>";
		};
		11754F9C1CD8AC6700F4DA09 /* HCPlayerTest */ = {
			isa = PBXGroup;
			children = (
				11754FA01CD8AC6700F4DA09 /* AppDelegate.h */,
				11754FA11CD8AC6700F4DA09 /* AppDelegate.m */,
				11754FB91CD8ACC400F4DA09 /* UIPlayerTestVC.h */,
				11754FBA1CD8ACC400F4DA09 /* UIPlayerTestVC.m */,
				11754FBB1CD8ACC400F4DA09 /* UIPlayerTestVC.xib */,
				11754FA31CD8AC6700F4DA09 /* ViewController.h */,
				11754FA41CD8AC6700F4DA09 /* ViewController.m */,
				11754FA61CD8AC6700F4DA09 /* Main.storyboard */,
				11754FAC1CD8AC6700F4DA09 /* Assets.xcassets */,
				11754FAE1CD8AC6700F4DA09 /* LaunchScreen.storyboard */,
				11754FB11CD8AC6700F4DA09 /* Info.plist */,
				11754FA91CD8AC6700F4DA09 /* HCPlayerTest.xcdatamodeld */,
				11754F9D1CD8AC6700F4DA09 /* Supporting Files */,
			);
			path = HCPlayerTest;
			sourceTree = "<group>";
		};
		11754F9D1CD8AC6700F4DA09 /* Supporting Files */ = {
			isa = PBXGroup;
			children = (
				11754F9E1CD8AC6700F4DA09 /* main.m */,
			);
			name = "Supporting Files";
			sourceTree = "<group>";
		};
/* End PBXGroup section */

/* Begin PBXNativeTarget section */
		11754F991CD8AC6700F4DA09 /* HCPlayerTest */ = {
			isa = PBXNativeTarget;
			buildConfigurationList = 11754FB41CD8AC6700F4DA09 /* Build configuration list for PBXNativeTarget "HCPlayerTest" */;
			buildPhases = (
				11754F961CD8AC6700F4DA09 /* Sources */,
				11754F971CD8AC6700F4DA09 /* Frameworks */,
				11754F981CD8AC6700F4DA09 /* Resources */,
			);
			buildRules = (
			);
			dependencies = (
			);
			name = HCPlayerTest;
			productName = HCPlayerTest;
			productReference = 11754F9A1CD8AC6700F4DA09 /* HCPlayerTest.app */;
			productType = "com.apple.product-type.application";
		};
/* End PBXNativeTarget section */

/* Begin PBXProject section */
		11754F921CD8AC6700F4DA09 /* Project object */ = {
			isa = PBXProject;
			attributes = {
				LastUpgradeCheck = 0730;
				ORGANIZATIONNAME = seenvoice.com;
				TargetAttributes = {
					11754F991CD8AC6700F4DA09 = {
						CreatedOnToolsVersion = 7.3;
					};
				};
			};
			buildConfigurationList = 11754F951CD8AC6700F4DA09 /* Build configuration list for PBXProject "HCPlayerTest" */;
			compatibilityVersion = "Xcode 3.2";
			developmentRegion = English;
			hasScannedForEncodings = 0;
			knownRegions = (
				en,
				Base,
			);
			mainGroup = 11754F911CD8AC6700F4DA09;
			productRefGroup = 11754F9B1CD8AC6700F4DA09 /* Products */;
			projectDirPath = "";
			projectRoot = "";
			targets = (
				11754F991CD8AC6700F4DA09 /* HCPlayerTest */,
			);
		};
/* End PBXProject section */

/* Begin PBXResourcesBuildPhase section */
		11754F981CD8AC6700F4DA09 /* Resources */ = {
			isa = PBXResourcesBuildPhase;
			buildActionMask = 2147483647;
			files = (
				11754FB01CD8AC6700F4DA09 /* LaunchScreen.storyboard in Resources */,
				11754FAD1CD8AC6700F4DA09 /* Assets.xcassets in Resources */,
				11754FA81CD8AC6700F4DA09 /* Main.storyboard in Resources */,
				11754FBD1CD8ACC400F4DA09 /* UIPlayerTestVC.xib in Resources */,
			);
			runOnlyForDeploymentPostprocessing = 0;
		};
/* End PBXResourcesBuildPhase section */

/* Begin PBXSourcesBuildPhase section */
		11754F961CD8AC6700F4DA09 /* Sources */ = {
			isa = PBXSourcesBuildPhase;
			buildActionMask = 2147483647;
			files = (
				11754FA51CD8AC6700F4DA09 /* ViewController.m in Sources */,
				11754FAB1CD8AC6700F4DA09 /* HCPlayerTest.xcdatamodeld in Sources */,
				11754FA21CD8AC6700F4DA09 /* AppDelegate.m in Sources */,
				11754FBC1CD8ACC400F4DA09 /* UIPlayerTestVC.m in Sources */,
				11754F9F1CD8AC6700F4DA09 /* main.m in Sources */,
			);
			runOnlyForDeploymentPostprocessing = 0;
		};
/* End PBXSourcesBuildPhase section */

/* Begin PBXVariantGroup section */
		11754FA61CD8AC6700F4DA09 /* Main.storyboard */ = {
			isa = PBXVariantGroup;
			children = (
				11754FA71CD8AC6700F4DA09 /* Base */,
			);
			name = Main.storyboard;
			sourceTree = "<group>";
		};
		11754FAE1CD8AC6700F4DA09 /* LaunchScreen.storyboard */ = {
			isa = PBXVariantGroup;
			children = (
				11754FAF1CD8AC6700F4DA09 /* Base */,
			);
			name = LaunchScreen.storyboard;
			sourceTree = "<group>";
		};
/* End PBXVariantGroup section */

/* Begin XCBuildConfiguration section */
		11754FB21CD8AC6700F4DA09 /* Debug */ = {
			isa = XCBuildConfiguration;
			buildSettings = {
				ALWAYS_SEARCH_USER_PATHS = NO;
				CLANG_ANALYZER_NONNULL = YES;
				CLANG_CXX_LANGUAGE_STANDARD = "gnu++0x";
				CLANG_CXX_LIBRARY = "libc++";
				CLANG_ENABLE_MODULES = YES;
				CLANG_ENABLE_OBJC_ARC = YES;
				CLANG_WARN_BOOL_CONVERSION = YES;
				CLANG_WARN_CONSTANT_CONVERSION = YES;
				CLANG_WARN_DIRECT_OBJC_ISA_USAGE = YES_ERROR;
				CLANG_WARN_EMPTY_BODY = YES;
				CLANG_WARN_ENUM_CONVERSION = YES;
				CLANG_WARN_INT_CONVERSION = YES;
				CLANG_WARN_OBJC_ROOT_CLASS = YES_ERROR;
				CLANG_WARN_UNREACHABLE_CODE = YES;
				CLANG_WARN__DUPLICATE_METHOD_MATCH = YES;
				"CODE_SIGN_IDENTITY[sdk=iphoneos*]" = "iPhone Developer";
				COPY_PHASE_STRIP = NO;
				DEBUG_INFORMATION_FORMAT = dwarf;
				ENABLE_BITCODE = YES;
				ENABLE_STRICT_OBJC_MSGSEND = YES;
				ENABLE_TESTABILITY = YES;
				GCC_C_LANGUAGE_STANDARD = gnu99;
				GCC_DYNAMIC_NO_PIC = NO;
				GCC_NO_COMMON_BLOCKS = YES;
				GCC_OPTIMIZATION_LEVEL = 0;
				GCC_PREPROCESSOR_DEFINITIONS = (
					"DEBUG=1",
					"$(inherited)",
				);
				GCC_WARN_64_TO_32_BIT_CONVERSION = YES;
				GCC_WARN_ABOUT_RETURN_TYPE = YES_ERROR;
				GCC_WARN_UNDECLARED_SELECTOR = YES;
				GCC_WARN_UNINITIALIZED_AUTOS = YES_AGGRESSIVE;
				GCC_WARN_UNUSED_FUNCTION = YES;
				GCC_WARN_UNUSED_VARIABLE = YES;
				IPHONEOS_DEPLOYMENT_TARGET = 9.3;
				MTL_ENABLE_DEBUG_INFO = YES;
				ONLY_ACTIVE_ARCH = YES;
				SDKROOT = iphoneos;
			};
			name = Debug;
		};
		11754FB31CD8AC6700F4DA09 /* Release */ = {
			isa = XCBuildConfiguration;
			buildSettings = {
				ALWAYS_SEARCH_USER_PATHS = NO;
				CLANG_ANALYZER_NONNULL = YES;
				CLANG_CXX_LANGUAGE_STANDARD = "gnu++0x";
				CLANG_CXX_LIBRARY = "libc++";
				CLANG_ENABLE_MODULES = YES;
				CLANG_ENABLE_OBJC_ARC = YES;
				CLANG_WARN_BOOL_CONVERSION = YES;
				CLANG_WARN_CONSTANT_CONVERSION = YES;
				CLANG_WARN_DIRECT_OBJC_ISA_USAGE = YES_ERROR;
				CLANG_WARN_EMPTY_BODY = YES;
				CLANG_WARN_ENUM_CONVERSION = YES;
				CLANG_WARN_INT_CONVERSION = YES;
				CLANG_WARN_OBJC_ROOT_CLASS = YES_ERROR;
				CLANG_WARN_UNREACHABLE_CODE = YES;
				CLANG_WARN__DUPLICATE_METHOD_MATCH = YES;
				"CODE_SIGN_IDENTITY[sdk=iphoneos*]" = "iPhone Developer";
				COPY_PHASE_STRIP = NO;
				DEBUG_INFORMATION_FORMAT = "dwarf-with-dsym";
				ENABLE_BITCODE = YES;
				ENABLE_NS_ASSERTIONS = NO;
				ENABLE_STRICT_OBJC_MSGSEND = YES;
				GCC_C_LANGUAGE_STANDARD = gnu99;
				GCC_NO_COMMON_BLOCKS = YES;
				GCC_WARN_64_TO_32_BIT_CONVERSION = YES;
				GCC_WARN_ABOUT_RETURN_TYPE = YES_ERROR;
				GCC_WARN_UNDECLARED_SELECTOR = YES;
				GCC_WARN_UNINITIALIZED_AUTOS = YES_AGGRESSIVE;
				GCC_WARN_UNUSED_FUNCTION = YES;
				GCC_WARN_UNUSED_VARIABLE = YES;
				IPHONEOS_DEPLOYMENT_TARGET = 9.3;
				MTL_ENABLE_DEBUG_INFO = NO;
				SDKROOT = iphoneos;
				VALIDATE_PRODUCT = YES;
			};
			name = Release;
		};
		11754FB51CD8AC6700F4DA09 /* Debug */ = {
			isa = XCBuildConfiguration;
			buildSettings = {
				ASSETCATALOG_COMPILER_APPICON_NAME = AppIcon;
				INFOPLIST_FILE = HCPlayerTest/Info.plist;
				IPHONEOS_DEPLOYMENT_TARGET = 7.0;
				LD_RUNPATH_SEARCH_PATHS = "$(inherited) @executable_path/Frameworks";
				PRODUCT_BUNDLE_IDENTIFIER = com.seenvoice.HCPlayerTest;
				PRODUCT_NAME = "$(TARGET_NAME)";
			};
			name = Debug;
		};
		11754FB61CD8AC6700F4DA09 /* Release */ = {
			isa = XCBuildConfiguration;
			buildSettings = {
				ASSETCATALOG_COMPILER_APPICON_NAME = AppIcon;
				INFOPLIST_FILE = HCPlayerTest/Info.plist;
				IPHONEOS_DEPLOYMENT_TARGET = 7.0;
				LD_RUNPATH_SEARCH_PATHS = "$(inherited) @executable_path/Frameworks";
				PRODUCT_BUNDLE_IDENTIFIER = com.seenvoice.HCPlayerTest;
				PRODUCT_NAME = "$(TARGET_NAME)";
			};
			name = Release;
		};
/* End XCBuildConfiguration section */

/* Begin XCConfigurationList section */
		11754F951CD8AC6700F4DA09 /* Build configuration list for PBXProject "HCPlayerTest" */ = {
			isa = XCConfigurationList;
			buildConfigurations = (
				11754FB21CD8AC6700F4DA09 /* Debug */,
				11754FB31CD8AC6700F4DA09 /* Release */,
			);
			defaultConfigurationIsVisible = 0;
			defaultConfigurationName = Release;
		};
		11754FB41CD8AC6700F4DA09 /* Build configuration list for PBXNativeTarget "HCPlayerTest" */ = {
			isa = XCConfigurationList;
			buildConfigurations = (
				11754FB51CD8AC6700F4DA09 /* Debug */,
				11754FB61CD8AC6700F4DA09 /* Release */,
			);
			defaultConfigurationIsVisible = 0;
			defaultConfigurationName = Release;
		};
/* End XCConfigurationList section */

/* Begin XCVersionGroup section */
		11754FA91CD8AC6700F4DA09 /* HCPlayerTest.xcdatamodeld */ = {
			isa = XCVersionGroup;
			children = (
				11754FAA1CD8AC6700F4DA09 /* HCPlayerTest.xcdatamodel */,
			);
			currentVersion = 11754FAA1CD8AC6700F4DA09 /* HCPlayerTest.xcdatamodel */;
			path = HCPlayerTest.xcdatamodeld;
			sourceTree = "<group>";
			versionGroupType = wrapper.xcdatamodel;
		};
/* End XCVersionGroup section */
	};
	rootObject = 11754F921CD8AC6700F4DA09 /* Project object */;
}
